{
  "name": "hello-prisma",
  "version": "1.0.0",
  "lockfileVersion": 3,
  "requires": true,
  "packages": {
    "": {
      "name": "hello-prisma",
      "version": "1.0.0",
      "license": "MIT",
      "dependencies": {
        "@prisma/client": "^4.10.0"
      },
      "devDependencies": {
        "prisma": "^4.10.1"
      }
    },
    "node_modules/@prisma/client": {
      "version": "4.10.0",
      "resolved": "https://registry.npmjs.org/@prisma/client/-/client-4.10.0.tgz",
      "integrity": "sha512-sBmYb1S6SMKFIESaLMfKqWSalv3pH73cMCsFt9HslJvYjIIcKQCA6PDL2O4SZGWvc4JBef9cg5Gd7d9x3AtKjw==",
      "hasInstallScript": true,
      "dependencies": {
        "@prisma/engines-version": "4.10.0-84.ca7fcef713137fa11029d519a9780db130cca91d"
      },
      "engines": {
        "node": ">=14.17"
      },
      "peerDependencies": {
        "prisma": "*"
      },
      "peerDependenciesMeta": {
        "prisma": {
          "optional": true
        }
      }
    },
    "node_modules/@prisma/engines": {
      "version": "4.10.1",
      "resolved": "https://registry.npmjs.org/@prisma/engines/-/engines-4.10.1.tgz",
      "integrity": "sha512-B3tcTxjx196nuAu1GOTKO9cGPUgTFHYRdkPkTS4m5ptb2cejyBlH9X7GOfSt3xlI7p4zAJDshJP4JJivCg9ouA==",
      "devOptional": true,
      "hasInstallScript": true
    },
    "node_modules/@prisma/engines-version": {
      "version": "4.10.0-84.ca7fcef713137fa11029d519a9780db130cca91d",
      "resolved": "https://registry.npmjs.org/@prisma/engines-version/-/engines-version-4.10.0-84.ca7fcef713137fa11029d519a9780db130cca91d.tgz",
      "integrity": "sha512-UVpmVlvSaGfY4ue+hh8CTkIesbuXCFUfrr8zk//+u85WwkKfWMtt6nLB2tNSzR1YO8eAA8+HqNf8LM7mnXIq5w=="
    },
    "node_modules/prisma": {
      "version": "4.10.1",
      "resolved": "https://registry.npmjs.org/prisma/-/prisma-4.10.1.tgz",
      "integrity": "sha512-0jDxgg+DruB1kHVNlcspXQB9au62IFfVg9drkhzXudszHNUAQn0lVuu+T8np0uC2z1nKD5S3qPeCyR8u5YFLnA==",
      "devOptional": true,
      "hasInstallScript": true,
      "dependencies": {
        "@prisma/engines": "4.10.1"
      },
      "bin": {
        "prisma": "build/index.js",
        "prisma2": "build/index.js"
      },
      "engines": {
        "node": ">=14.17"
      }
    }
  }
}
